
Microsoft Visual Studio Solution File, Format Version 12.00
Project("{FAE04EC0-301F-11D3-BF4B-00C04F79EFBC}") = "SmartCharge", "SmartCharge\SmartCharge.csproj", "{578F2CAE-0E05-4E68-B1EC-965A0FCA9CF3}"
EndProject
Project("{FAE04EC0-301F-11D3-BF4B-00C04F79EFBC}") = "TestProject1", "TestProject1\TestProject1.csproj", "{9393F6E4-CEFB-4F21-999C-687241A1E9F6}"
EndProject
Global
	GlobalSection(SolutionConfigurationPlatforms) = preSolution
		Debug|Any CPU = Debug|Any CPU
		Release|Any CPU = Release|Any CPU
	EndGlobalSection
	GlobalSection(ProjectConfigurationPlatforms) = postSolution
		{578F2CAE-0E05-4E68-B1EC-965A0FCA9CF3}.Debug|Any CPU.ActiveCfg = Debug|Any CPU
		{578F2CAE-0E05-4E68-B1EC-965A0FCA9CF3}.Debug|Any CPU.Build.0 = Debug|Any CPU
		{578F2CAE-0E05-4E68-B1EC-965A0FCA9CF3}.Release|Any CPU.ActiveCfg = Release|Any CPU
		{578F2CAE-0E05-4E68-B1EC-965A0FCA9CF3}.Release|Any CPU.Build.0 = Release|Any CPU
		{9393F6E4-CEFB-4F21-999C-687241A1E9F6}.Debug|Any CPU.ActiveCfg = Debug|Any CPU
		{9393F6E4-CEFB-4F21-999C-687241A1E9F6}.Debug|Any CPU.Build.0 = Debug|Any CPU
		{9393F6E4-CEFB-4F21-999C-687241A1E9F6}.Release|Any CPU.ActiveCfg = Release|Any CPU
		{9393F6E4-CEFB-4F21-999C-687241A1E9F6}.Release|Any CPU.Build.0 = Release|Any CPU
	EndGlobalSection
EndGlobal
